// !$*UTF8*$!
{
	archiveVersion = 1;
	classes = {
	};
	objectVersion = 46;
	objects = {

/* Begin PBXBuildFile section */
		AE38CBFF1DB6748B002AE26A /* AppDelegate.swift in Sources */ = {isa = PBXBuildFile; fileRef = AE38CBFE1DB6748B002AE26A /* AppDelegate.swift */; };
		AE38CC011DB6748B002AE26A /* DeparturesViewController.swift in Sources */ = {isa = PBXBuildFile; fileRef = AE38CC001DB6748B002AE26A /* DeparturesViewController.swift */; };
		AE38CC031DB6748B002AE26A /* DetailViewController.swift in Sources */ = {isa = PBXBuildFile; fileRef = AE38CC021DB6748B002AE26A /* DetailViewController.swift */; };
		AE38CC061DB6748B002AE26A /* Main.storyboard in Resources */ = {isa = PBXBuildFile; fileRef = AE38CC041DB6748B002AE26A /* Main.storyboard */; };
		AE38CC081DB6748B002AE26A /* Assets.xcassets in Resources */ = {isa = PBXBuildFile; fileRef = AE38CC071DB6748B002AE26A /* Assets.xcassets */; };
		AE38CC0B1DB6748B002AE26A /* LaunchScreen.storyboard in Resources */ = {isa = PBXBuildFile; fileRef = AE38CC091DB6748B002AE26A /* LaunchScreen.storyboard */; };
		AE38CC161DB6748B002AE26A /* APITests.swift in Sources */ = {isa = PBXBuildFile; fileRef = AE38CC151DB6748B002AE26A /* APITests.swift */; };
		AE4F1A1B1DB7C144003C7A47 /* DeparturesViewModel.swift in Sources */ = {isa = PBXBuildFile; fileRef = AE4F1A1A1DB7C144003C7A47 /* DeparturesViewModel.swift */; };
		AE4F1A1D1DB7C262003C7A47 /* Networking.swift in Sources */ = {isa = PBXBuildFile; fileRef = AE4F1A1C1DB7C262003C7A47 /* Networking.swift */; };
		AE6EF94F1DB80BD3002FC492 /* DepartureCellModelTests.swift in Sources */ = {isa = PBXBuildFile; fileRef = AE6EF94E1DB80BD3002FC492 /* DepartureCellModelTests.swift */; };
		AE6EF9511DB80DDA002FC492 /* DeparturesViewModelTests.swift in Sources */ = {isa = PBXBuildFile; fileRef = AE6EF9501DB80DDA002FC492 /* DeparturesViewModelTests.swift */; };
		AE6EF9531DB813D9002FC492 /* DepartureModel.swift in Sources */ = {isa = PBXBuildFile; fileRef = AE6EF9521DB813D9002FC492 /* DepartureModel.swift */; };
		AE94CA2A1DB67D2B007C0648 /* main.swift in Sources */ = {isa = PBXBuildFile; fileRef = AE94CA291DB67D2B007C0648 /* main.swift */; };
		AEE5653A1DB7D33500AC5A94 /* DepartureCellModel.swift in Sources */ = {isa = PBXBuildFile; fileRef = AEE565391DB7D33500AC5A94 /* DepartureCellModel.swift */; };
		AEE5653C1DB7D46A00AC5A94 /* DepartureCell.swift in Sources */ = {isa = PBXBuildFile; fileRef = AEE5653B1DB7D46A00AC5A94 /* DepartureCell.swift */; };
		C2A8731D3F51B66D0C6B2383 /* Pods_TrainTrippinTests.framework in Frameworks */ = {isa = PBXBuildFile; fileRef = 141683440CC061EF1C186832 /* Pods_TrainTrippinTests.framework */; };
		F60C6F4A9E4150D72ECC54CA /* Pods_TrainTrippin.framework in Frameworks */ = {isa = PBXBuildFile; fileRef = B99AE8F2C4B4B1C801996FDC /* Pods_TrainTrippin.framework */; };
/* End PBXBuildFile section */

/* Begin PBXContainerItemProxy section */
		AE38CC121DB6748B002AE26A /* PBXContainerItemProxy */ = {
			isa = PBXContainerItemProxy;
			containerPortal = AE38CBF31DB6748B002AE26A /* Project object */;
			proxyType = 1;
			remoteGlobalIDString = AE38CBFA1DB6748B002AE26A;
			remoteInfo = TrainTrippin;
		};
/* End PBXContainerItemProxy section */

/* Begin PBXFileReference section */
		12ABF06F22246A4BB5606740 /* Pods-TrainTrippin.release.xcconfig */ = {isa = PBXFileReference; includeInIndex = 1; lastKnownFileType = text.xcconfig; name = "Pods-TrainTrippin.release.xcconfig"; path = "Pods/Target Support Files/Pods-TrainTrippin/Pods-TrainTrippin.release.xcconfig"; sourceTree = "<group>"; };
		141683440CC061EF1C186832 /* Pods_TrainTrippinTests.framework */ = {isa = PBXFileReference; explicitFileType = wrapper.framework; includeInIndex = 0; path = Pods_TrainTrippinTests.framework; sourceTree = BUILT_PRODUCTS_DIR; };
		A9CAC5F601ECCBEC37627396 /* Pods-TrainTrippinTests.release.xcconfig */ = {isa = PBXFileReference; includeInIndex = 1; lastKnownFileType = text.xcconfig; name = "Pods-TrainTrippinTests.release.xcconfig"; path = "Pods/Target Support Files/Pods-TrainTrippinTests/Pods-TrainTrippinTests.release.xcconfig"; sourceTree = "<group>"; };
		AE38CBFB1DB6748B002AE26A /* TrainTrippin.app */ = {isa = PBXFileReference; explicitFileType = wrapper.application; includeInIndex = 0; path = TrainTrippin.app; sourceTree = BUILT_PRODUCTS_DIR; };
		AE38CBFE1DB6748B002AE26A /* AppDelegate.swift */ = {isa = PBXFileReference; lastKnownFileType = sourcecode.swift; path = AppDelegate.swift; sourceTree = "<group>"; };
		AE38CC001DB6748B002AE26A /* DeparturesViewController.swift */ = {isa = PBXFileReference; lastKnownFileType = sourcecode.swift; path = DeparturesViewController.swift; sourceTree = "<group>"; };
		AE38CC021DB6748B002AE26A /* DetailViewController.swift */ = {isa = PBXFileReference; lastKnownFileType = sourcecode.swift; path = DetailViewController.swift; sourceTree = "<group>"; };
		AE38CC051DB6748B002AE26A /* Base */ = {isa = PBXFileReference; lastKnownFileType = file.storyboard; name = Base; path = Base.lproj/Main.storyboard; sourceTree = "<group>"; };
		AE38CC071DB6748B002AE26A /* Assets.xcassets */ = {isa = PBXFileReference; lastKnownFileType = folder.assetcatalog; path = Assets.xcassets; sourceTree = "<group>"; };
		AE38CC0A1DB6748B002AE26A /* Base */ = {isa = PBXFileReference; lastKnownFileType = file.storyboard; name = Base; path = Base.lproj/LaunchScreen.storyboard; sourceTree = "<group>"; };
		AE38CC0C1DB6748B002AE26A /* Info.plist */ = {isa = PBXFileReference; lastKnownFileType = text.plist.xml; path = Info.plist; sourceTree = "<group>"; };
		AE38CC111DB6748B002AE26A /* TrainTrippinTests.xctest */ = {isa = PBXFileReference; explicitFileType = wrapper.cfbundle; includeInIndex = 0; path = TrainTrippinTests.xctest; sourceTree = BUILT_PRODUCTS_DIR; };
		AE38CC151DB6748B002AE26A /* APITests.swift */ = {isa = PBXFileReference; lastKnownFileType = sourcecode.swift; path = APITests.swift; sourceTree = "<group>"; };
		AE38CC171DB6748B002AE26A /* Info.plist */ = {isa = PBXFileReference; lastKnownFileType = text.plist.xml; path = Info.plist; sourceTree = "<group>"; };
		AE4F1A1A1DB7C144003C7A47 /* DeparturesViewModel.swift */ = {isa = PBXFileReference; fileEncoding = 4; lastKnownFileType = sourcecode.swift; path = DeparturesViewModel.swift; sourceTree = "<group>"; };
		AE4F1A1C1DB7C262003C7A47 /* Networking.swift */ = {isa = PBXFileReference; fileEncoding = 4; lastKnownFileType = sourcecode.swift; path = Networking.swift; sourceTree = "<group>"; };
		AE6EF94E1DB80BD3002FC492 /* DepartureCellModelTests.swift */ = {isa = PBXFileReference; fileEncoding = 4; lastKnownFileType = sourcecode.swift; path = DepartureCellModelTests.swift; sourceTree = "<group>"; };
		AE6EF9501DB80DDA002FC492 /* DeparturesViewModelTests.swift */ = {isa = PBXFileReference; fileEncoding = 4; lastKnownFileType = sourcecode.swift; path = DeparturesViewModelTests.swift; sourceTree = "<group>"; };
		AE6EF9521DB813D9002FC492 /* DepartureModel.swift */ = {isa = PBXFileReference; fileEncoding = 4; lastKnownFileType = sourcecode.swift; path = DepartureModel.swift; sourceTree = "<group>"; };
		AE94CA291DB67D2B007C0648 /* main.swift */ = {isa = PBXFileReference; fileEncoding = 4; lastKnownFileType = sourcecode.swift; path = main.swift; sourceTree = "<group>"; };
		AEE565391DB7D33500AC5A94 /* DepartureCellModel.swift */ = {isa = PBXFileReference; fileEncoding = 4; lastKnownFileType = sourcecode.swift; path = DepartureCellModel.swift; sourceTree = "<group>"; };
		AEE5653B1DB7D46A00AC5A94 /* DepartureCell.swift */ = {isa = PBXFileReference; fileEncoding = 4; lastKnownFileType = sourcecode.swift; path = DepartureCell.swift; sourceTree = "<group>"; };
		B662A2FDD1E03C0855898F83 /* Pods-TrainTrippin.debug.xcconfig */ = {isa = PBXFileReference; includeInIndex = 1; lastKnownFileType = text.xcconfig; name = "Pods-TrainTrippin.debug.xcconfig"; path = "Pods/Target Support Files/Pods-TrainTrippin/Pods-TrainTrippin.debug.xcconfig"; sourceTree = "<group>"; };
		B99AE8F2C4B4B1C801996FDC /* Pods_TrainTrippin.framework */ = {isa = PBXFileReference; explicitFileType = wrapper.framework; includeInIndex = 0; path = Pods_TrainTrippin.framework; sourceTree = BUILT_PRODUCTS_DIR; };
		FAFBCC306B7AC501FD352FC1 /* Pods-TrainTrippinTests.debug.xcconfig */ = {isa = PBXFileReference; includeInIndex = 1; lastKnownFileType = text.xcconfig; name = "Pods-TrainTrippinTests.debug.xcconfig"; path = "Pods/Target Support Files/Pods-TrainTrippinTests/Pods-TrainTrippinTests.debug.xcconfig"; sourceTree = "<group>"; };
/* End PBXFileReference section */

/* Begin PBXFrameworksBuildPhase section */
		AE38CBF81DB6748B002AE26A /* Frameworks */ = {
			isa = PBXFrameworksBuildPhase;
			buildActionMask = 2147483647;
			files = (
				F60C6F4A9E4150D72ECC54CA /* Pods_TrainTrippin.framework in Frameworks */,
			);
			runOnlyForDeploymentPostprocessing = 0;
		};
		AE38CC0E1DB6748B002AE26A /* Frameworks */ = {
			isa = PBXFrameworksBuildPhase;
			buildActionMask = 2147483647;
			files = (
				C2A8731D3F51B66D0C6B2383 /* Pods_TrainTrippinTests.framework in Frameworks */,
			);
			runOnlyForDeploymentPostprocessing = 0;
		};
/* End PBXFrameworksBuildPhase section */

/* Begin PBXGroup section */
		5B29EA03243343D3ADC4BDA2 /* Frameworks */ = {
			isa = PBXGroup;
			children = (
				B99AE8F2C4B4B1C801996FDC /* Pods_TrainTrippin.framework */,
				141683440CC061EF1C186832 /* Pods_TrainTrippinTests.framework */,
			);
			name = Frameworks;
			sourceTree = "<group>";
		};
		AE38CBF21DB6748B002AE26A = {
			isa = PBXGroup;
			children = (
				AE38CBFD1DB6748B002AE26A /* TrainTrippin */,
				AE38CC141DB6748B002AE26A /* TrainTrippinTests */,
				AE38CBFC1DB6748B002AE26A /* Products */,
				BAE738385508E2075F4D1E67 /* Pods */,
				5B29EA03243343D3ADC4BDA2 /* Frameworks */,
			);
			sourceTree = "<group>";
		};
		AE38CBFC1DB6748B002AE26A /* Products */ = {
			isa = PBXGroup;
			children = (
				AE38CBFB1DB6748B002AE26A /* TrainTrippin.app */,
				AE38CC111DB6748B002AE26A /* TrainTrippinTests.xctest */,
			);
			name = Products;
			sourceTree = "<group>";
		};
		AE38CBFD1DB6748B002AE26A /* TrainTrippin */ = {
			isa = PBXGroup;
			children = (
				AE6AB2551DB8BA1F005847A2 /* App */,
				AE6AB2511DB8B9E2005847A2 /* ViewControllers */,
				AE6AB2501DB8B9C2005847A2 /* Networking */,
				AE6AB2521DB8B9F1005847A2 /* Views */,
				AE6AB2541DB8BA03005847A2 /* Model */,
			);
			path = TrainTrippin;
			sourceTree = "<group>";
		};
		AE38CC141DB6748B002AE26A /* TrainTrippinTests */ = {
			isa = PBXGroup;
			children = (
				AE38CC151DB6748B002AE26A /* APITests.swift */,
				AE38CC171DB6748B002AE26A /* Info.plist */,
				AE6EF94E1DB80BD3002FC492 /* DepartureCellModelTests.swift */,
				AE6EF9501DB80DDA002FC492 /* DeparturesViewModelTests.swift */,
			);
			path = TrainTrippinTests;
			sourceTree = "<group>";
		};
		AE6AB24F1DB8B9AB005847A2 /* Departures */ = {
			isa = PBXGroup;
			children = (
				AE38CC001DB6748B002AE26A /* DeparturesViewController.swift */,
				AE4F1A1A1DB7C144003C7A47 /* DeparturesViewModel.swift */,
			);
			name = Departures;
			sourceTree = "<group>";
		};
		AE6AB2501DB8B9C2005847A2 /* Networking */ = {
			isa = PBXGroup;
			children = (
				AE4F1A1C1DB7C262003C7A47 /* Networking.swift */,
			);
			name = Networking;
			sourceTree = "<group>";
		};
		AE6AB2511DB8B9E2005847A2 /* ViewControllers */ = {
			isa = PBXGroup;
			children = (
				AE38CC021DB6748B002AE26A /* DetailViewController.swift */,
				AE6AB24F1DB8B9AB005847A2 /* Departures */,
			);
			name = ViewControllers;
			sourceTree = "<group>";
		};
		AE6AB2521DB8B9F1005847A2 /* Views */ = {
			isa = PBXGroup;
			children = (
				AE6AB2531DB8B9FA005847A2 /* DepartureCell */,
				AE38CC041DB6748B002AE26A /* Main.storyboard */,
			);
			name = Views;
			sourceTree = "<group>";
		};
		AE6AB2531DB8B9FA005847A2 /* DepartureCell */ = {
			isa = PBXGroup;
			children = (
				AEE565391DB7D33500AC5A94 /* DepartureCellModel.swift */,
				AEE5653B1DB7D46A00AC5A94 /* DepartureCell.swift */,
			);
			name = DepartureCell;
			sourceTree = "<group>";
		};
		AE6AB2541DB8BA03005847A2 /* Model */ = {
			isa = PBXGroup;
			children = (
				AE6EF9521DB813D9002FC492 /* DepartureModel.swift */,
			);
			name = Model;
			sourceTree = "<group>";
		};
		AE6AB2551DB8BA1F005847A2 /* App */ = {
			isa = PBXGroup;
			children = (
				AE38CC091DB6748B002AE26A /* LaunchScreen.storyboard */,
				AE38CC071DB6748B002AE26A /* Assets.xcassets */,
				AE38CBFE1DB6748B002AE26A /* AppDelegate.swift */,
				AE94CA291DB67D2B007C0648 /* main.swift */,
				AE38CC0C1DB6748B002AE26A /* Info.plist */,
			);
			name = App;
			sourceTree = "<group>";
		};
		BAE738385508E2075F4D1E67 /* Pods */ = {
			isa = PBXGroup;
			children = (
				B662A2FDD1E03C0855898F83 /* Pods-TrainTrippin.debug.xcconfig */,
				12ABF06F22246A4BB5606740 /* Pods-TrainTrippin.release.xcconfig */,
				FAFBCC306B7AC501FD352FC1 /* Pods-TrainTrippinTests.debug.xcconfig */,
				A9CAC5F601ECCBEC37627396 /* Pods-TrainTrippinTests.release.xcconfig */,
			);
			name = Pods;
			sourceTree = "<group>";
		};
/* End PBXGroup section */

/* Begin PBXNativeTarget section */
		AE38CBFA1DB6748B002AE26A /* TrainTrippin */ = {
			isa = PBXNativeTarget;
			buildConfigurationList = AE38CC1A1DB6748B002AE26A /* Build configuration list for PBXNativeTarget "TrainTrippin" */;
			buildPhases = (
				73F5856EB881125310C7B114 /* [CP] Check Pods Manifest.lock */,
				AE38CBF71DB6748B002AE26A /* Sources */,
				AE38CBF81DB6748B002AE26A /* Frameworks */,
				AE38CBF91DB6748B002AE26A /* Resources */,
				D34B7C2973D1686FA2D308C5 /* [CP] Embed Pods Frameworks */,
				AF5B63374A9AF451910324A7 /* [CP] Copy Pods Resources */,
			);
			buildRules = (
			);
			dependencies = (
			);
			name = TrainTrippin;
			productName = TrainTrippin;
			productReference = AE38CBFB1DB6748B002AE26A /* TrainTrippin.app */;
			productType = "com.apple.product-type.application";
		};
		AE38CC101DB6748B002AE26A /* TrainTrippinTests */ = {
			isa = PBXNativeTarget;
			buildConfigurationList = AE38CC1D1DB6748B002AE26A /* Build configuration list for PBXNativeTarget "TrainTrippinTests" */;
			buildPhases = (
				AC59DB89CE4531D23F6E005D /* [CP] Check Pods Manifest.lock */,
				AE38CC0D1DB6748B002AE26A /* Sources */,
				AE38CC0E1DB6748B002AE26A /* Frameworks */,
				AE38CC0F1DB6748B002AE26A /* Resources */,
				2B4BF7D0D21DECA99CA772EE /* [CP] Embed Pods Frameworks */,
				36DB934260327F62F9B4F93C /* [CP] Copy Pods Resources */,
			);
			buildRules = (
			);
			dependencies = (
				AE38CC131DB6748B002AE26A /* PBXTargetDependency */,
			);
			name = TrainTrippinTests;
			productName = TrainTrippinTests;
			productReference = AE38CC111DB6748B002AE26A /* TrainTrippinTests.xctest */;
			productType = "com.apple.product-type.bundle.unit-test";
		};
/* End PBXNativeTarget section */

/* Begin PBXProject section */
		AE38CBF31DB6748B002AE26A /* Project object */ = {
			isa = PBXProject;
			attributes = {
				LastSwiftUpdateCheck = 0800;
				LastUpgradeCheck = 0800;
				ORGANIZATIONNAME = Fortunity;
				TargetAttributes = {
					AE38CBFA1DB6748B002AE26A = {
						CreatedOnToolsVersion = 8.0;
						DevelopmentTeam = 47872CSHA2;
						ProvisioningStyle = Automatic;
					};
					AE38CC101DB6748B002AE26A = {
						CreatedOnToolsVersion = 8.0;
						DevelopmentTeam = 47872CSHA2;
						ProvisioningStyle = Automatic;
						TestTargetID = AE38CBFA1DB6748B002AE26A;
					};
				};
			};
			buildConfigurationList = AE38CBF61DB6748B002AE26A /* Build configuration list for PBXProject "TrainTrippin" */;
			compatibilityVersion = "Xcode 3.2";
			developmentRegion = English;
			hasScannedForEncodings = 0;
			knownRegions = (
				en,
				Base,
			);
			mainGroup = AE38CBF21DB6748B002AE26A;
			productRefGroup = AE38CBFC1DB6748B002AE26A /* Products */;
			projectDirPath = "";
			projectRoot = "";
			targets = (
				AE38CBFA1DB6748B002AE26A /* TrainTrippin */,
				AE38CC101DB6748B002AE26A /* TrainTrippinTests */,
			);
		};
/* End PBXProject section */

/* Begin PBXResourcesBuildPhase section */
		AE38CBF91DB6748B002AE26A /* Resources */ = {
			isa = PBXResourcesBuildPhase;
			buildActionMask = 2147483647;
			files = (
				AE38CC0B1DB6748B002AE26A /* LaunchScreen.storyboard in Resources */,
				AE38CC081DB6748B002AE26A /* Assets.xcassets in Resources */,
				AE38CC061DB6748B002AE26A /* Main.storyboard in Resources */,
			);
			runOnlyForDeploymentPostprocessing = 0;
		};
		AE38CC0F1DB6748B002AE26A /* Resources */ = {
			isa = PBXResourcesBuildPhase;
			buildActionMask = 2147483647;
			files = (
			);
			runOnlyForDeploymentPostprocessing = 0;
		};
/* End PBXResourcesBuildPhase section */

/* Begin PBXShellScriptBuildPhase section */
		2B4BF7D0D21DECA99CA772EE /* [CP] Embed Pods Frameworks */ = {
			isa = PBXShellScriptBuildPhase;
			buildActionMask = 2147483647;
			files = (
			);
			inputPaths = (
			);
			name = "[CP] Embed Pods Frameworks";
			outputPaths = (
			);
			runOnlyForDeploymentPostprocessing = 0;
			shellPath = /bin/sh;
			shellScript = "\"${SRCROOT}/Pods/Target Support Files/Pods-TrainTrippinTests/Pods-TrainTrippinTests-frameworks.sh\"\n";
			showEnvVarsInLog = 0;
		};
		36DB934260327F62F9B4F93C /* [CP] Copy Pods Resources */ = {
			isa = PBXShellScriptBuildPhase;
			buildActionMask = 2147483647;
			files = (
			);
			inputPaths = (
			);
			name = "[CP] Copy Pods Resources";
			outputPaths = (
			);
			runOnlyForDeploymentPostprocessing = 0;
			shellPath = /bin/sh;
			shellScript = "\"${SRCROOT}/Pods/Target Support Files/Pods-TrainTrippinTests/Pods-TrainTrippinTests-resources.sh\"\n";
			showEnvVarsInLog = 0;
		};
		73F5856EB881125310C7B114 /* [CP] Check Pods Manifest.lock */ = {
			isa = PBXShellScriptBuildPhase;
			buildActionMask = 2147483647;
			files = (
			);
			inputPaths = (
			);
			name = "[CP] Check Pods Manifest.lock";
			outputPaths = (
			);
			runOnlyForDeploymentPostprocessing = 0;
			shellPath = /bin/sh;
			shellScript = "diff \"${PODS_ROOT}/../Podfile.lock\" \"${PODS_ROOT}/Manifest.lock\" > /dev/null\nif [[ $? != 0 ]] ; then\n    cat << EOM\nerror: The sandbox is not in sync with the Podfile.lock. Run 'pod install' or update your CocoaPods installation.\nEOM\n    exit 1\nfi\n";
			showEnvVarsInLog = 0;
		};
		AC59DB89CE4531D23F6E005D /* [CP] Check Pods Manifest.lock */ = {
			isa = PBXShellScriptBuildPhase;
			buildActionMask = 2147483647;
			files = (
			);
			inputPaths = (
			);
			name = "[CP] Check Pods Manifest.lock";
			outputPaths = (
			);
			runOnlyForDeploymentPostprocessing = 0;
			shellPath = /bin/sh;
			shellScript = "diff \"${PODS_ROOT}/../Podfile.lock\" \"${PODS_ROOT}/Manifest.lock\" > /dev/null\nif [[ $? != 0 ]] ; then\n    cat << EOM\nerror: The sandbox is not in sync with the Podfile.lock. Run 'pod install' or update your CocoaPods installation.\nEOM\n    exit 1\nfi\n";
			showEnvVarsInLog = 0;
		};
		AF5B63374A9AF451910324A7 /* [CP] Copy Pods Resources */ = {
			isa = PBXShellScriptBuildPhase;
			buildActionMask = 2147483647;
			files = (
			);
			inputPaths = (
			);
			name = "[CP] Copy Pods Resources";
			outputPaths = (
			);
			runOnlyForDeploymentPostprocessing = 0;
			shellPath = /bin/sh;
			shellScript = "\"${SRCROOT}/Pods/Target Support Files/Pods-TrainTrippin/Pods-TrainTrippin-resources.sh\"\n";
			showEnvVarsInLog = 0;
		};
		D34B7C2973D1686FA2D308C5 /* [CP] Embed Pods Frameworks */ = {
			isa = PBXShellScriptBuildPhase;
			buildActionMask = 2147483647;
			files = (
			);
			inputPaths = (
			);
			name = "[CP] Embed Pods Frameworks";
			outputPaths = (
			);
			runOnlyForDeploymentPostprocessing = 0;
			shellPath = /bin/sh;
			shellScript = "\"${SRCROOT}/Pods/Target Support Files/Pods-TrainTrippin/Pods-TrainTrippin-frameworks.sh\"\n";
			showEnvVarsInLog = 0;
		};
/* End PBXShellScriptBuildPhase section */

/* Begin PBXSourcesBuildPhase section */
		AE38CBF71DB6748B002AE26A /* Sources */ = {
			isa = PBXSourcesBuildPhase;
			buildActionMask = 2147483647;
			files = (
				AEE5653C1DB7D46A00AC5A94 /* DepartureCell.swift in Sources */,
				AE38CC031DB6748B002AE26A /* DetailViewController.swift in Sources */,
				AE38CC011DB6748B002AE26A /* DeparturesViewController.swift in Sources */,
				AE94CA2A1DB67D2B007C0648 /* main.swift in Sources */,
				AE38CBFF1DB6748B002AE26A /* AppDelegate.swift in Sources */,
				AE4F1A1B1DB7C144003C7A47 /* DeparturesViewModel.swift in Sources */,
				AEE5653A1DB7D33500AC5A94 /* DepartureCellModel.swift in Sources */,
				AE6EF9531DB813D9002FC492 /* DepartureModel.swift in Sources */,
				AE4F1A1D1DB7C262003C7A47 /* Networking.swift in Sources */,
			);
			runOnlyForDeploymentPostprocessing = 0;
		};
		AE38CC0D1DB6748B002AE26A /* Sources */ = {
			isa = PBXSourcesBuildPhase;
			buildActionMask = 2147483647;
			files = (
				AE6EF9511DB80DDA002FC492 /* DeparturesViewModelTests.swift in Sources */,
				AE6EF94F1DB80BD3002FC492 /* DepartureCellModelTests.swift in Sources */,
				AE38CC161DB6748B002AE26A /* APITests.swift in Sources */,
			);
			runOnlyForDeploymentPostprocessing = 0;
		};
/* End PBXSourcesBuildPhase section */

/* Begin PBXTargetDependency section */
		AE38CC131DB6748B002AE26A /* PBXTargetDependency */ = {
			isa = PBXTargetDependency;
			target = AE38CBFA1DB6748B002AE26A /* TrainTrippin */;
			targetProxy = AE38CC121DB6748B002AE26A /* PBXContainerItemProxy */;
		};
/* End PBXTargetDependency section */

/* Begin PBXVariantGroup section */
		AE38CC041DB6748B002AE26A /* Main.storyboard */ = {
			isa = PBXVariantGroup;
			children = (
				AE38CC051DB6748B002AE26A /* Base */,
			);
			name = Main.storyboard;
			sourceTree = "<group>";
		};
		AE38CC091DB6748B002AE26A /* LaunchScreen.storyboard */ = {
			isa = PBXVariantGroup;
			children = (
				AE38CC0A1DB6748B002AE26A /* Base */,
			);
			name = LaunchScreen.storyboard;
			sourceTree = "<group>";
		};
/* End PBXVariantGroup section */

/* Begin XCBuildConfiguration section */
		AE38CC181DB6748B002AE26A /* Debug */ = {
			isa = XCBuildConfiguration;
			buildSettings = {
				ALWAYS_SEARCH_USER_PATHS = NO;
				CLANG_ANALYZER_NONNULL = YES;
				CLANG_CXX_LANGUAGE_STANDARD = "gnu++0x";
				CLANG_CXX_LIBRARY = "libc++";
				CLANG_ENABLE_MODULES = YES;
				CLANG_ENABLE_OBJC_ARC = YES;
				CLANG_WARN_BOOL_CONVERSION = YES;
				CLANG_WARN_CONSTANT_CONVERSION = YES;
				CLANG_WARN_DIRECT_OBJC_ISA_USAGE = YES_ERROR;
				CLANG_WARN_DOCUMENTATION_COMMENTS = YES;
				CLANG_WARN_EMPTY_BODY = YES;
				CLANG_WARN_ENUM_CONVERSION = YES;
				CLANG_WARN_INFINITE_RECURSION = YES;
				CLANG_WARN_INT_CONVERSION = YES;
				CLANG_WARN_OBJC_ROOT_CLASS = YES_ERROR;
				CLANG_WARN_SUSPICIOUS_MOVES = YES;
				CLANG_WARN_UNREACHABLE_CODE = YES;
				CLANG_WARN__DUPLICATE_METHOD_MATCH = YES;
				"CODE_SIGN_IDENTITY[sdk=iphoneos*]" = "iPhone Developer";
				COPY_PHASE_STRIP = NO;
				DEBUG_INFORMATION_FORMAT = dwarf;
				ENABLE_STRICT_OBJC_MSGSEND = YES;
				ENABLE_TESTABILITY = YES;
				GCC_C_LANGUAGE_STANDARD = gnu99;
				GCC_DYNAMIC_NO_PIC = NO;
				GCC_NO_COMMON_BLOCKS = YES;
				GCC_OPTIMIZATION_LEVEL = 0;
				GCC_PREPROCESSOR_DEFINITIONS = (
					"DEBUG=1",
					"$(inherited)",
				);
				GCC_WARN_64_TO_32_BIT_CONVERSION = YES;
				GCC_WARN_ABOUT_RETURN_TYPE = YES_ERROR;
				GCC_WARN_UNDECLARED_SELECTOR = YES;
				GCC_WARN_UNINITIALIZED_AUTOS = YES_AGGRESSIVE;
				GCC_WARN_UNUSED_FUNCTION = YES;
				GCC_WARN_UNUSED_VARIABLE = YES;
				IPHONEOS_DEPLOYMENT_TARGET = 10.0;
				MTL_ENABLE_DEBUG_INFO = YES;
				ONLY_ACTIVE_ARCH = YES;
				SDKROOT = iphoneos;
				SWIFT_ACTIVE_COMPILATION_CONDITIONS = DEBUG;
				SWIFT_OPTIMIZATION_LEVEL = "-Onone";
			};
			name = Debug;
		};
		AE38CC191DB6748B002AE26A /* Release */ = {
			isa = XCBuildConfiguration;
			buildSettings = {
				ALWAYS_SEARCH_USER_PATHS = NO;
				CLANG_ANALYZER_NONNULL = YES;
				CLANG_CXX_LANGUAGE_STANDARD = "gnu++0x";
				CLANG_CXX_LIBRARY = "libc++";
				CLANG_ENABLE_MODULES = YES;
				CLANG_ENABLE_OBJC_ARC = YES;
				CLANG_WARN_BOOL_CONVERSION = YES;
				CLANG_WARN_CONSTANT_CONVERSION = YES;
				CLANG_WARN_DIRECT_OBJC_ISA_USAGE = YES_ERROR;
				CLANG_WARN_DOCUMENTATION_COMMENTS = YES;
				CLANG_WARN_EMPTY_BODY = YES;
				CLANG_WARN_ENUM_CONVERSION = YES;
				CLANG_WARN_INFINITE_RECURSION = YES;
				CLANG_WARN_INT_CONVERSION = YES;
				CLANG_WARN_OBJC_ROOT_CLASS = YES_ERROR;
				CLANG_WARN_SUSPICIOUS_MOVES = YES;
				CLANG_WARN_UNREACHABLE_CODE = YES;
				CLANG_WARN__DUPLICATE_METHOD_MATCH = YES;
				"CODE_SIGN_IDENTITY[sdk=iphoneos*]" = "iPhone Developer";
				COPY_PHASE_STRIP = NO;
				DEBUG_INFORMATION_FORMAT = "dwarf-with-dsym";
				ENABLE_NS_ASSERTIONS = NO;
				ENABLE_STRICT_OBJC_MSGSEND = YES;
				GCC_C_LANGUAGE_STANDARD = gnu99;
				GCC_NO_COMMON_BLOCKS = YES;
				GCC_WARN_64_TO_32_BIT_CONVERSION = YES;
				GCC_WARN_ABOUT_RETURN_TYPE = YES_ERROR;
				GCC_WARN_UNDECLARED_SELECTOR = YES;
				GCC_WARN_UNINITIALIZED_AUTOS = YES_AGGRESSIVE;
				GCC_WARN_UNUSED_FUNCTION = YES;
				GCC_WARN_UNUSED_VARIABLE = YES;
				IPHONEOS_DEPLOYMENT_TARGET = 10.0;
				MTL_ENABLE_DEBUG_INFO = NO;
				SDKROOT = iphoneos;
				SWIFT_OPTIMIZATION_LEVEL = "-Owholemodule";
				VALIDATE_PRODUCT = YES;
			};
			name = Release;
		};
		AE38CC1B1DB6748B002AE26A /* Debug */ = {
			isa = XCBuildConfiguration;
			baseConfigurationReference = B662A2FDD1E03C0855898F83 /* Pods-TrainTrippin.debug.xcconfig */;
			buildSettings = {
				ASSETCATALOG_COMPILER_APPICON_NAME = AppIcon;
				DEVELOPMENT_TEAM = 47872CSHA2;
				INFOPLIST_FILE = TrainTrippin/Info.plist;
				LD_RUNPATH_SEARCH_PATHS = "$(inherited) @executable_path/Frameworks";
				PRODUCT_BUNDLE_IDENTIFIER = com.mczarnik.TrainTrippin;
				PRODUCT_NAME = "$(TARGET_NAME)";
				SWIFT_VERSION = 3.0;
			};
			name = Debug;
		};
		AE38CC1C1DB6748B002AE26A /* Release */ = {
			isa = XCBuildConfiguration;
			baseConfigurationReference = 12ABF06F22246A4BB5606740 /* Pods-TrainTrippin.release.xcconfig */;
			buildSettings = {
				ASSETCATALOG_COMPILER_APPICON_NAME = AppIcon;
				DEVELOPMENT_TEAM = 47872CSHA2;
				INFOPLIST_FILE = TrainTrippin/Info.plist;
				LD_RUNPATH_SEARCH_PATHS = "$(inherited) @executable_path/Frameworks";
				PRODUCT_BUNDLE_IDENTIFIER = com.mczarnik.TrainTrippin;
				PRODUCT_NAME = "$(TARGET_NAME)";
				SWIFT_VERSION = 3.0;
			};
			name = Release;
		};
		AE38CC1E1DB6748B002AE26A /* Debug */ = {
			isa = XCBuildConfiguration;
			baseConfigurationReference = FAFBCC306B7AC501FD352FC1 /* Pods-TrainTrippinTests.debug.xcconfig */;
			buildSettings = {
				ALWAYS_EMBED_SWIFT_STANDARD_LIBRARIES = YES;
				BUNDLE_LOADER = "$(TEST_HOST)";
				DEVELOPMENT_TEAM = 47872CSHA2;
				INFOPLIST_FILE = TrainTrippinTests/Info.plist;
				LD_RUNPATH_SEARCH_PATHS = "$(inherited) @executable_path/Frameworks @loader_path/Frameworks";
				PRODUCT_BUNDLE_IDENTIFIER = com.mczarnik.TrainTrippinTests;
				PRODUCT_NAME = "$(TARGET_NAME)";
				SWIFT_VERSION = 3.0;
				TEST_HOST = "$(BUILT_PRODUCTS_DIR)/TrainTrippin.app/TrainTrippin";
			};
			name = Debug;
		};
		AE38CC1F1DB6748B002AE26A /* Release */ = {
			isa = XCBuildConfiguration;
			baseConfigurationReference = A9CAC5F601ECCBEC37627396 /* Pods-TrainTrippinTests.release.xcconfig */;
			buildSettings = {
				ALWAYS_EMBED_SWIFT_STANDARD_LIBRARIES = YES;
				BUNDLE_LOADER = "$(TEST_HOST)";
				DEVELOPMENT_TEAM = 47872CSHA2;
				INFOPLIST_FILE = TrainTrippinTests/Info.plist;
				LD_RUNPATH_SEARCH_PATHS = "$(inherited) @executable_path/Frameworks @loader_path/Frameworks";
				PRODUCT_BUNDLE_IDENTIFIER = com.mczarnik.TrainTrippinTests;
				PRODUCT_NAME = "$(TARGET_NAME)";
				SWIFT_VERSION = 3.0;
				TEST_HOST = "$(BUILT_PRODUCTS_DIR)/TrainTrippin.app/TrainTrippin";
			};
			name = Release;
		};
/* End XCBuildConfiguration section */

/* Begin XCConfigurationList section */
		AE38CBF61DB6748B002AE26A /* Build configuration list for PBXProject "TrainTrippin" */ = {
			isa = XCConfigurationList;
			buildConfigurations = (
				AE38CC181DB6748B002AE26A /* Debug */,
				AE38CC191DB6748B002AE26A /* Release */,
			);
			defaultConfigurationIsVisible = 0;
			defaultConfigurationName = Release;
		};
		AE38CC1A1DB6748B002AE26A /* Build configuration list for PBXNativeTarget "TrainTrippin" */ = {
			isa = XCConfigurationList;
			buildConfigurations = (
				AE38CC1B1DB6748B002AE26A /* Debug */,
				AE38CC1C1DB6748B002AE26A /* Release */,
			);
			defaultConfigurationIsVisible = 0;
			defaultConfigurationName = Release;
		};
		AE38CC1D1DB6748B002AE26A /* Build configuration list for PBXNativeTarget "TrainTrippinTests" */ = {
			isa = XCConfigurationList;
			buildConfigurations = (
				AE38CC1E1DB6748B002AE26A /* Debug */,
				AE38CC1F1DB6748B002AE26A /* Release */,
			);
			defaultConfigurationIsVisible = 0;
			defaultConfigurationName = Release;
		};
/* End XCConfigurationList section */
	};
	rootObject = AE38CBF31DB6748B002AE26A /* Project object */;
}
